// !$*UTF8*$!
{
	archiveVersion = 1;
	classes = {
	};
	objectVersion = 48;
	objects = {

/* Begin PBXBuildFile section */
		2D0D62011FEC3E99006FB75C /* AppDelegate.swift in Sources */ = {isa = PBXBuildFile; fileRef = 2D0D62001FEC3E99006FB75C /* AppDelegate.swift */; };
		2D0D62031FEC3E99006FB75C /* ViewController.swift in Sources */ = {isa = PBXBuildFile; fileRef = 2D0D62021FEC3E99006FB75C /* ViewController.swift */; };
		2D0D62061FEC3E99006FB75C /* Main.storyboard in Resources */ = {isa = PBXBuildFile; fileRef = 2D0D62041FEC3E99006FB75C /* Main.storyboard */; };
		2D0D62081FEC3E99006FB75C /* Assets.xcassets in Resources */ = {isa = PBXBuildFile; fileRef = 2D0D62071FEC3E99006FB75C /* Assets.xcassets */; };
		2D0D620B1FEC3E99006FB75C /* LaunchScreen.storyboard in Resources */ = {isa = PBXBuildFile; fileRef = 2D0D62091FEC3E99006FB75C /* LaunchScreen.storyboard */; };
		2D0D621D1FED0A84006FB75C /* SimpleCell.swift in Sources */ = {isa = PBXBuildFile; fileRef = 2D0D621C1FED0A84006FB75C /* SimpleCell.swift */; };
		2D0D62201FED0B65006FB75C /* SearchBarTableViewExample.swift in Sources */ = {isa = PBXBuildFile; fileRef = 2D0D621F1FED0B65006FB75C /* SearchBarTableViewExample.swift */; };
		2D0D62221FED0B85006FB75C /* CityCell.swift in Sources */ = {isa = PBXBuildFile; fileRef = 2D0D62211FED0B85006FB75C /* CityCell.swift */; };
		D8A05EE31EC8CA6EB69EB6D5 /* Pods_RxSwift_Example.framework in Frameworks */ = {isa = PBXBuildFile; fileRef = FA3E2B1EE8EA6ADF3A0D95D7 /* Pods_RxSwift_Example.framework */; };
/* End PBXBuildFile section */

/* Begin PBXFileReference section */
		2D0D61FD1FEC3E99006FB75C /* RxSwift-Example.app */ = {isa = PBXFileReference; explicitFileType = wrapper.application; includeInIndex = 0; path = "RxSwift-Example.app"; sourceTree = BUILT_PRODUCTS_DIR; };
		2D0D62001FEC3E99006FB75C /* AppDelegate.swift */ = {isa = PBXFileReference; lastKnownFileType = sourcecode.swift; path = AppDelegate.swift; sourceTree = "<group>"; };
		2D0D62021FEC3E99006FB75C /* ViewController.swift */ = {isa = PBXFileReference; lastKnownFileType = sourcecode.swift; path = ViewController.swift; sourceTree = "<group>"; };
		2D0D62051FEC3E99006FB75C /* Base */ = {isa = PBXFileReference; lastKnownFileType = file.storyboard; name = Base; path = Base.lproj/Main.storyboard; sourceTree = "<group>"; };
		2D0D62071FEC3E99006FB75C /* Assets.xcassets */ = {isa = PBXFileReference; lastKnownFileType = folder.assetcatalog; path = Assets.xcassets; sourceTree = "<group>"; };
		2D0D620A1FEC3E99006FB75C /* Base */ = {isa = PBXFileReference; lastKnownFileType = file.storyboard; name = Base; path = Base.lproj/LaunchScreen.storyboard; sourceTree = "<group>"; };
		2D0D620C1FEC3E99006FB75C /* Info.plist */ = {isa = PBXFileReference; lastKnownFileType = text.plist.xml; path = Info.plist; sourceTree = "<group>"; };
		2D0D621C1FED0A84006FB75C /* SimpleCell.swift */ = {isa = PBXFileReference; lastKnownFileType = sourcecode.swift; path = SimpleCell.swift; sourceTree = "<group>"; };
		2D0D621F1FED0B65006FB75C /* SearchBarTableViewExample.swift */ = {isa = PBXFileReference; lastKnownFileType = sourcecode.swift; path = SearchBarTableViewExample.swift; sourceTree = "<group>"; };
		2D0D62211FED0B85006FB75C /* CityCell.swift */ = {isa = PBXFileReference; lastKnownFileType = sourcecode.swift; path = CityCell.swift; sourceTree = "<group>"; };
		3DDB091A09A0BFCB3789C4E1 /* Pods-RxSwift-Example.release.xcconfig */ = {isa = PBXFileReference; includeInIndex = 1; lastKnownFileType = text.xcconfig; name = "Pods-RxSwift-Example.release.xcconfig"; path = "Pods/Target Support Files/Pods-RxSwift-Example/Pods-RxSwift-Example.release.xcconfig"; sourceTree = "<group>"; };
		EACCDD8A7AB3CB5048626F1A /* Pods-RxSwift-Example.debug.xcconfig */ = {isa = PBXFileReference; includeInIndex = 1; lastKnownFileType = text.xcconfig; name = "Pods-RxSwift-Example.debug.xcconfig"; path = "Pods/Target Support Files/Pods-RxSwift-Example/Pods-RxSwift-Example.debug.xcconfig"; sourceTree = "<group>"; };
		FA3E2B1EE8EA6ADF3A0D95D7 /* Pods_RxSwift_Example.framework */ = {isa = PBXFileReference; explicitFileType = wrapper.framework; includeInIndex = 0; path = Pods_RxSwift_Example.framework; sourceTree = BUILT_PRODUCTS_DIR; };
/* End PBXFileReference section */

/* Begin PBXFrameworksBuildPhase section */
		2D0D61FA1FEC3E99006FB75C /* Frameworks */ = {
			isa = PBXFrameworksBuildPhase;
			buildActionMask = 2147483647;
			files = (
				D8A05EE31EC8CA6EB69EB6D5 /* Pods_RxSwift_Example.framework in Frameworks */,
			);
			runOnlyForDeploymentPostprocessing = 0;
		};
/* End PBXFrameworksBuildPhase section */

/* Begin PBXGroup section */
		2D0D61F41FEC3E99006FB75C = {
			isa = PBXGroup;
			children = (
				2D0D61FF1FEC3E99006FB75C /* RxSwift-Example */,
				2D0D61FE1FEC3E99006FB75C /* Products */,
				8E1935FEF43D20B46B652B68 /* Pods */,
				F30C3F2213D66342C5C2BCB0 /* Frameworks */,
			);
			sourceTree = "<group>";
		};
		2D0D61FE1FEC3E99006FB75C /* Products */ = {
			isa = PBXGroup;
			children = (
				2D0D61FD1FEC3E99006FB75C /* RxSwift-Example.app */,
			);
			name = Products;
			sourceTree = "<group>";
		};
		2D0D61FF1FEC3E99006FB75C /* RxSwift-Example */ = {
			isa = PBXGroup;
			children = (
				2D0D621E1FED0B3D006FB75C /* SearchBar-TableViewExample */,
				2D0D62001FEC3E99006FB75C /* AppDelegate.swift */,
				2D0D62021FEC3E99006FB75C /* ViewController.swift */,
				2D0D62041FEC3E99006FB75C /* Main.storyboard */,
				2D0D62071FEC3E99006FB75C /* Assets.xcassets */,
				2D0D62091FEC3E99006FB75C /* LaunchScreen.storyboard */,
				2D0D620C1FEC3E99006FB75C /* Info.plist */,
				2D0D621C1FED0A84006FB75C /* SimpleCell.swift */,
			);
			path = "RxSwift-Example";
			sourceTree = "<group>";
		};
		2D0D621E1FED0B3D006FB75C /* SearchBar-TableViewExample */ = {
			isa = PBXGroup;
			children = (
				2D0D621F1FED0B65006FB75C /* SearchBarTableViewExample.swift */,
				2D0D62211FED0B85006FB75C /* CityCell.swift */,
			);
			path = "SearchBar-TableViewExample";
			sourceTree = "<group>";
		};
		8E1935FEF43D20B46B652B68 /* Pods */ = {
			isa = PBXGroup;
			children = (
				EACCDD8A7AB3CB5048626F1A /* Pods-RxSwift-Example.debug.xcconfig */,
				3DDB091A09A0BFCB3789C4E1 /* Pods-RxSwift-Example.release.xcconfig */,
			);
			name = Pods;
			sourceTree = "<group>";
		};
		F30C3F2213D66342C5C2BCB0 /* Frameworks */ = {
			isa = PBXGroup;
			children = (
				FA3E2B1EE8EA6ADF3A0D95D7 /* Pods_RxSwift_Example.framework */,
			);
			name = Frameworks;
			sourceTree = "<group>";
		};
/* End PBXGroup section */

/* Begin PBXNativeTarget section */
		2D0D61FC1FEC3E99006FB75C /* RxSwift-Example */ = {
			isa = PBXNativeTarget;
			buildConfigurationList = 2D0D620F1FEC3E99006FB75C /* Build configuration list for PBXNativeTarget "RxSwift-Example" */;
			buildPhases = (
				97273E6CC39EDA2708EC956C /* [CP] Check Pods Manifest.lock */,
				2D0D61F91FEC3E99006FB75C /* Sources */,
				2D0D61FA1FEC3E99006FB75C /* Frameworks */,
				2D0D61FB1FEC3E99006FB75C /* Resources */,
				4B5A25BB571B5BF132A55200 /* [CP] Embed Pods Frameworks */,
				7375E6D15F2B6936F2DF1CA6 /* [CP] Copy Pods Resources */,
				2D0D621B1FED0305006FB75C /* ShellScript */,
			);
			buildRules = (
			);
			dependencies = (
			);
			name = "RxSwift-Example";
			productName = "RxSwift-Example";
			productReference = 2D0D61FD1FEC3E99006FB75C /* RxSwift-Example.app */;
			productType = "com.apple.product-type.application";
		};
/* End PBXNativeTarget section */

/* Begin PBXProject section */
		2D0D61F51FEC3E99006FB75C /* Project object */ = {
			isa = PBXProject;
			attributes = {
				LastSwiftUpdateCheck = 0920;
				LastUpgradeCheck = 0920;
				ORGANIZATIONNAME = KRiOSApps;
				TargetAttributes = {
					2D0D61FC1FEC3E99006FB75C = {
						CreatedOnToolsVersion = 9.2;
						ProvisioningStyle = Automatic;
					};
				};
			};
			buildConfigurationList = 2D0D61F81FEC3E99006FB75C /* Build configuration list for PBXProject "RxSwift-Example" */;
			compatibilityVersion = "Xcode 8.0";
			developmentRegion = en;
			hasScannedForEncodings = 0;
			knownRegions = (
				en,
				Base,
			);
			mainGroup = 2D0D61F41FEC3E99006FB75C;
			productRefGroup = 2D0D61FE1FEC3E99006FB75C /* Products */;
			projectDirPath = "";
			projectRoot = "";
			targets = (
				2D0D61FC1FEC3E99006FB75C /* RxSwift-Example */,
			);
		};
/* End PBXProject section */

/* Begin PBXResourcesBuildPhase section */
		2D0D61FB1FEC3E99006FB75C /* Resources */ = {
			isa = PBXResourcesBuildPhase;
			buildActionMask = 2147483647;
			files = (
				2D0D620B1FEC3E99006FB75C /* LaunchScreen.storyboard in Resources */,
				2D0D62081FEC3E99006FB75C /* Assets.xcassets in Resources */,
				2D0D62061FEC3E99006FB75C /* Main.storyboard in Resources */,
			);
			runOnlyForDeploymentPostprocessing = 0;
		};
/* End PBXResourcesBuildPhase section */

/* Begin PBXShellScriptBuildPhase section */
		2D0D621B1FED0305006FB75C /* ShellScript */ = {
			isa = PBXShellScriptBuildPhase;
			buildActionMask = 2147483647;
			files = (
			);
			inputPaths = (
			);
			outputPaths = (
			);
			runOnlyForDeploymentPostprocessing = 0;
			shellPath = /bin/sh;
			shellScript = "";
		};
		4B5A25BB571B5BF132A55200 /* [CP] Embed Pods Frameworks */ = {
			isa = PBXShellScriptBuildPhase;
			buildActionMask = 2147483647;
			files = (
			);
			inputPaths = (
				"${SRCROOT}/Pods/Target Support Files/Pods-RxSwift-Example/Pods-RxSwift-Example-frameworks.sh",
				"${BUILT_PRODUCTS_DIR}/RxCocoa/RxCocoa.framework",
				"${BUILT_PRODUCTS_DIR}/RxSwift/RxSwift.framework",
			);
			name = "[CP] Embed Pods Frameworks";
			outputPaths = (
				"${TARGET_BUILD_DIR}/${FRAMEWORKS_FOLDER_PATH}/RxCocoa.framework",
				"${TARGET_BUILD_DIR}/${FRAMEWORKS_FOLDER_PATH}/RxSwift.framework",
			);
			runOnlyForDeploymentPostprocessing = 0;
			shellPath = /bin/sh;
			shellScript = "\"${SRCROOT}/Pods/Target Support Files/Pods-RxSwift-Example/Pods-RxSwift-Example-frameworks.sh\"\n";
			showEnvVarsInLog = 0;
		};
		7375E6D15F2B6936F2DF1CA6 /* [CP] Copy Pods Resources */ = {
			isa = PBXShellScriptBuildPhase;
			buildActionMask = 2147483647;
			files = (
			);
			inputPaths = (
			);
			name = "[CP] Copy Pods Resources";
			outputPaths = (
			);
			runOnlyForDeploymentPostprocessing = 0;
			shellPath = /bin/sh;
			shellScript = "\"${SRCROOT}/Pods/Target Support Files/Pods-RxSwift-Example/Pods-RxSwift-Example-resources.sh\"\n";
			showEnvVarsInLog = 0;
		};
		97273E6CC39EDA2708EC956C /* [CP] Check Pods Manifest.lock */ = {
			isa = PBXShellScriptBuildPhase;
			buildActionMask = 2147483647;
			files = (
			);
			inputPaths = (
				"${PODS_PODFILE_DIR_PATH}/Podfile.lock",
				"${PODS_ROOT}/Manifest.lock",
			);
			name = "[CP] Check Pods Manifest.lock";
			outputPaths = (
				"$(DERIVED_FILE_DIR)/Pods-RxSwift-Example-checkManifestLockResult.txt",
			);
			runOnlyForDeploymentPostprocessing = 0;
			shellPath = /bin/sh;
			shellScript = "diff \"${PODS_PODFILE_DIR_PATH}/Podfile.lock\" \"${PODS_ROOT}/Manifest.lock\" > /dev/null\nif [ $? != 0 ] ; then\n    # print error to STDERR\n    echo \"error: The sandbox is not in sync with the Podfile.lock. Run 'pod install' or update your CocoaPods installation.\" >&2\n    exit 1\nfi\n# This output is used by Xcode 'outputs' to avoid re-running this script phase.\necho \"SUCCESS\" > \"${SCRIPT_OUTPUT_FILE_0}\"\n";
			showEnvVarsInLog = 0;
		};
/* End PBXShellScriptBuildPhase section */

/* Begin PBXSourcesBuildPhase section */
		2D0D61F91FEC3E99006FB75C /* Sources */ = {
			isa = PBXSourcesBuildPhase;
			buildActionMask = 2147483647;
			files = (
				2D0D62201FED0B65006FB75C /* SearchBarTableViewExample.swift in Sources */,
				2D0D62031FEC3E99006FB75C /* ViewController.swift in Sources */,
				2D0D62221FED0B85006FB75C /* CityCell.swift in Sources */,
				2D0D62011FEC3E99006FB75C /* AppDelegate.swift in Sources */,
				2D0D621D1FED0A84006FB75C /* SimpleCell.swift in Sources */,
			);
			runOnlyForDeploymentPostprocessing = 0;
		};
/* End PBXSourcesBuildPhase section */

/* Begin PBXVariantGroup section */
		2D0D62041FEC3E99006FB75C /* Main.storyboard */ = {
			isa = PBXVariantGroup;
			children = (
				2D0D62051FEC3E99006FB75C /* Base */,
			);
			name = Main.storyboard;
			sourceTree = "<group>";
		};
		2D0D62091FEC3E99006FB75C /* LaunchScreen.storyboard */ = {
			isa = PBXVariantGroup;
			children = (
				2D0D620A1FEC3E99006FB75C /* Base */,
			);
			name = LaunchScreen.storyboard;
			sourceTree = "<group>";
		};
/* End PBXVariantGroup section */

/* Begin XCBuildConfiguration section */
		2D0D620D1FEC3E99006FB75C /* Debug */ = {
			isa = XCBuildConfiguration;
			buildSettings = {
				ALWAYS_SEARCH_USER_PATHS = NO;
				CLANG_ANALYZER_NONNULL = YES;
				CLANG_ANALYZER_NUMBER_OBJECT_CONVERSION = YES_AGGRESSIVE;
				CLANG_CXX_LANGUAGE_STANDARD = "gnu++14";
				CLANG_CXX_LIBRARY = "libc++";
				CLANG_ENABLE_MODULES = YES;
				CLANG_ENABLE_OBJC_ARC = YES;
				CLANG_WARN_BLOCK_CAPTURE_AUTORELEASING = YES;
				CLANG_WARN_BOOL_CONVERSION = YES;
				CLANG_WARN_COMMA = YES;
				CLANG_WARN_CONSTANT_CONVERSION = YES;
				CLANG_WARN_DIRECT_OBJC_ISA_USAGE = YES_ERROR;
				CLANG_WARN_DOCUMENTATION_COMMENTS = YES;
				CLANG_WARN_EMPTY_BODY = YES;
				CLANG_WARN_ENUM_CONVERSION = YES;
				CLANG_WARN_INFINITE_RECURSION = YES;
				CLANG_WARN_INT_CONVERSION = YES;
				CLANG_WARN_NON_LITERAL_NULL_CONVERSION = YES;
				CLANG_WARN_OBJC_LITERAL_CONVERSION = YES;
				CLANG_WARN_OBJC_ROOT_CLASS = YES_ERROR;
				CLANG_WARN_RANGE_LOOP_ANALYSIS = YES;
				CLANG_WARN_STRICT_PROTOTYPES = YES;
				CLANG_WARN_SUSPICIOUS_MOVE = YES;
				CLANG_WARN_UNGUARDED_AVAILABILITY = YES_AGGRESSIVE;
				CLANG_WARN_UNREACHABLE_CODE = YES;
				CLANG_WARN__DUPLICATE_METHOD_MATCH = YES;
				CODE_SIGN_IDENTITY = "iPhone Developer";
				COPY_PHASE_STRIP = NO;
				DEBUG_INFORMATION_FORMAT = dwarf;
				ENABLE_STRICT_OBJC_MSGSEND = YES;
				ENABLE_TESTABILITY = YES;
				GCC_C_LANGUAGE_STANDARD = gnu11;
				GCC_DYNAMIC_NO_PIC = NO;
				GCC_NO_COMMON_BLOCKS = YES;
				GCC_OPTIMIZATION_LEVEL = 0;
				GCC_PREPROCESSOR_DEFINITIONS = (
					"DEBUG=1",
					"$(inherited)",
				);
				GCC_WARN_64_TO_32_BIT_CONVERSION = YES;
				GCC_WARN_ABOUT_RETURN_TYPE = YES_ERROR;
				GCC_WARN_UNDECLARED_SELECTOR = YES;
				GCC_WARN_UNINITIALIZED_AUTOS = YES_AGGRESSIVE;
				GCC_WARN_UNUSED_FUNCTION = YES;
				GCC_WARN_UNUSED_VARIABLE = YES;
				IPHONEOS_DEPLOYMENT_TARGET = 11.2;
				MTL_ENABLE_DEBUG_INFO = YES;
				ONLY_ACTIVE_ARCH = YES;
				SDKROOT = iphoneos;
				SWIFT_ACTIVE_COMPILATION_CONDITIONS = DEBUG;
				SWIFT_OPTIMIZATION_LEVEL = "-Onone";
			};
			name = Debug;
		};
		2D0D620E1FEC3E99006FB75C /* Release */ = {
			isa = XCBuildConfiguration;
			buildSettings = {
				ALWAYS_SEARCH_USER_PATHS = NO;
				CLANG_ANALYZER_NONNULL = YES;
				CLANG_ANALYZER_NUMBER_OBJECT_CONVERSION = YES_AGGRESSIVE;
				CLANG_CXX_LANGUAGE_STANDARD = "gnu++14";
				CLANG_CXX_LIBRARY = "libc++";
				CLANG_ENABLE_MODULES = YES;
				CLANG_ENABLE_OBJC_ARC = YES;
				CLANG_WARN_BLOCK_CAPTURE_AUTORELEASING = YES;
				CLANG_WARN_BOOL_CONVERSION = YES;
				CLANG_WARN_COMMA = YES;
				CLANG_WARN_CONSTANT_CONVERSION = YES;
				CLANG_WARN_DIRECT_OBJC_ISA_USAGE = YES_ERROR;
				CLANG_WARN_DOCUMENTATION_COMMENTS = YES;
				CLANG_WARN_EMPTY_BODY = YES;
				CLANG_WARN_ENUM_CONVERSION = YES;
				CLANG_WARN_INFINITE_RECURSION = YES;
				CLANG_WARN_INT_CONVERSION = YES;
				CLANG_WARN_NON_LITERAL_NULL_CONVERSION = YES;
				CLANG_WARN_OBJC_LITERAL_CONVERSION = YES;
				CLANG_WARN_OBJC_ROOT_CLASS = YES_ERROR;
				CLANG_WARN_RANGE_LOOP_ANALYSIS = YES;
				CLANG_WARN_STRICT_PROTOTYPES = YES;
				CLANG_WARN_SUSPICIOUS_MOVE = YES;
				CLANG_WARN_UNGUARDED_AVAILABILITY = YES_AGGRESSIVE;
				CLANG_WARN_UNREACHABLE_CODE = YES;
				CLANG_WARN__DUPLICATE_METHOD_MATCH = YES;
				CODE_SIGN_IDENTITY = "iPhone Developer";
				COPY_PHASE_STRIP = NO;
				DEBUG_INFORMATION_FORMAT = "dwarf-with-dsym";
				ENABLE_NS_ASSERTIONS = NO;
				ENABLE_STRICT_OBJC_MSGSEND = YES;
				GCC_C_LANGUAGE_STANDARD = gnu11;
				GCC_NO_COMMON_BLOCKS = YES;
				GCC_WARN_64_TO_32_BIT_CONVERSION = YES;
				GCC_WARN_ABOUT_RETURN_TYPE = YES_ERROR;
				GCC_WARN_UNDECLARED_SELECTOR = YES;
				GCC_WARN_UNINITIALIZED_AUTOS = YES_AGGRESSIVE;
				GCC_WARN_UNUSED_FUNCTION = YES;
				GCC_WARN_UNUSED_VARIABLE = YES;
				IPHONEOS_DEPLOYMENT_TARGET = 11.2;
				MTL_ENABLE_DEBUG_INFO = NO;
				SDKROOT = iphoneos;
				SWIFT_OPTIMIZATION_LEVEL = "-Owholemodule";
				VALIDATE_PRODUCT = YES;
			};
			name = Release;
		};
		2D0D62101FEC3E99006FB75C /* Debug */ = {
			isa = XCBuildConfiguration;
			baseConfigurationReference = EACCDD8A7AB3CB5048626F1A /* Pods-RxSwift-Example.debug.xcconfig */;
			buildSettings = {
				ASSETCATALOG_COMPILER_APPICON_NAME = AppIcon;
				CODE_SIGN_STYLE = Automatic;
				DEVELOPMENT_TEAM = 7TD42S7LLX;
				INFOPLIST_FILE = "RxSwift-Example/Info.plist";
				IPHONEOS_DEPLOYMENT_TARGET = 10.0;
				LD_RUNPATH_SEARCH_PATHS = "$(inherited) @executable_path/Frameworks";
				PRODUCT_BUNDLE_IDENTIFIER = "com.kr.rx.swift.RxSwift-Example";
				PRODUCT_NAME = "$(TARGET_NAME)";
				SWIFT_VERSION = 4.0;
				TARGETED_DEVICE_FAMILY = "1,2";
			};
			name = Debug;
		};
		2D0D62111FEC3E99006FB75C /* Release */ = {
			isa = XCBuildConfiguration;
			baseConfigurationReference = 3DDB091A09A0BFCB3789C4E1 /* Pods-RxSwift-Example.release.xcconfig */;
			buildSettings = {
				ASSETCATALOG_COMPILER_APPICON_NAME = AppIcon;
				CODE_SIGN_STYLE = Automatic;
				DEVELOPMENT_TEAM = 7TD42S7LLX;
				INFOPLIST_FILE = "RxSwift-Example/Info.plist";
				IPHONEOS_DEPLOYMENT_TARGET = 10.0;
				LD_RUNPATH_SEARCH_PATHS = "$(inherited) @executable_path/Frameworks";
				PRODUCT_BUNDLE_IDENTIFIER = "com.kr.rx.swift.RxSwift-Example";
				PRODUCT_NAME = "$(TARGET_NAME)";
				SWIFT_VERSION = 4.0;
				TARGETED_DEVICE_FAMILY = "1,2";
			};
			name = Release;
		};
/* End XCBuildConfiguration section */

/* Begin XCConfigurationList section */
		2D0D61F81FEC3E99006FB75C /* Build configuration list for PBXProject "RxSwift-Example" */ = {
			isa = XCConfigurationList;
			buildConfigurations = (
				2D0D620D1FEC3E99006FB75C /* Debug */,
				2D0D620E1FEC3E99006FB75C /* Release */,
			);
			defaultConfigurationIsVisible = 0;
			defaultConfigurationName = Release;
		};
		2D0D620F1FEC3E99006FB75C /* Build configuration list for PBXNativeTarget "RxSwift-Example" */ = {
			isa = XCConfigurationList;
			buildConfigurations = (
				2D0D62101FEC3E99006FB75C /* Debug */,
				2D0D62111FEC3E99006FB75C /* Release */,
			);
			defaultConfigurationIsVisible = 0;
			defaultConfigurationName = Release;
		};
/* End XCConfigurationList section */
	};
	rootObject = 2D0D61F51FEC3E99006FB75C /* Project object */;
}
